
Microsoft Visual Studio Solution File, Format Version 12.00
# Visual Studio Version 17
VisualStudioVersion = 17.5.002.0
MinimumVisualStudioVersion = 10.0.40219.1
Project("{9A19103F-16F7-4668-BE54-9A1E7A4F7556}") = "day01", "day01\day01.csproj", "{45FBA6B0-D51B-4027-8077-066FFBBA0EAC}"
EndProject
Project("{FAE04EC0-301F-11D3-BF4B-00C04F79EFBC}") = "day02", "day02\day02.csproj", "{BB20DC30-E7E5-4D6A-8584-58BC7E2A0440}"
EndProject
Project("{FAE04EC0-301F-11D3-BF4B-00C04F79EFBC}") = "day04", "day04\day04.csproj", "{DB6C2F28-9847-485E-85DB-38625C504AA6}"
EndProject
Project("{FAE04EC0-301F-11D3-BF4B-00C04F79EFBC}") = "day05", "day05\day05.csproj", "{FBADAABF-9D0E-431F-9420-3477A3B01FA2}"
EndProject
Project("{FAE04EC0-301F-11D3-BF4B-00C04F79EFBC}") = "day06", "day06\day06.csproj", "{B9B7A339-3995-4552-8B3A-446FE27F2692}"
EndProject
Project("{FAE04EC0-301F-11D3-BF4B-00C04F79EFBC}") = "day07", "day07\day07.csproj", "{D796C4F4-BF34-4438-B67C-62BA5AC6FA11}"
EndProject
Global
	GlobalSection(SolutionConfigurationPlatforms) = preSolution
		Debug|Any CPU = Debug|Any CPU
		Release|Any CPU = Release|Any CPU
	EndGlobalSection
	GlobalSection(ProjectConfigurationPlatforms) = postSolution
		{45FBA6B0-D51B-4027-8077-066FFBBA0EAC}.Debug|Any CPU.ActiveCfg = Debug|Any CPU
		{45FBA6B0-D51B-4027-8077-066FFBBA0EAC}.Debug|Any CPU.Build.0 = Debug|Any CPU
		{45FBA6B0-D51B-4027-8077-066FFBBA0EAC}.Release|Any CPU.ActiveCfg = Release|Any CPU
		{45FBA6B0-D51B-4027-8077-066FFBBA0EAC}.Release|Any CPU.Build.0 = Release|Any CPU
		{BB20DC30-E7E5-4D6A-8584-58BC7E2A0440}.Debug|Any CPU.ActiveCfg = Debug|Any CPU
		{BB20DC30-E7E5-4D6A-8584-58BC7E2A0440}.Debug|Any CPU.Build.0 = Debug|Any CPU
		{BB20DC30-E7E5-4D6A-8584-58BC7E2A0440}.Release|Any CPU.ActiveCfg = Release|Any CPU
		{BB20DC30-E7E5-4D6A-8584-58BC7E2A0440}.Release|Any CPU.Build.0 = Release|Any CPU
		{DB6C2F28-9847-485E-85DB-38625C504AA6}.Debug|Any CPU.ActiveCfg = Debug|Any CPU
		{DB6C2F28-9847-485E-85DB-38625C504AA6}.Debug|Any CPU.Build.0 = Debug|Any CPU
		{DB6C2F28-9847-485E-85DB-38625C504AA6}.Release|Any CPU.ActiveCfg = Release|Any CPU
		{DB6C2F28-9847-485E-85DB-38625C504AA6}.Release|Any CPU.Build.0 = Release|Any CPU
		{FBADAABF-9D0E-431F-9420-3477A3B01FA2}.Debug|Any CPU.ActiveCfg = Debug|Any CPU
		{FBADAABF-9D0E-431F-9420-3477A3B01FA2}.Debug|Any CPU.Build.0 = Debug|Any CPU
		{FBADAABF-9D0E-431F-9420-3477A3B01FA2}.Release|Any CPU.ActiveCfg = Release|Any CPU
		{FBADAABF-9D0E-431F-9420-3477A3B01FA2}.Release|Any CPU.Build.0 = Release|Any CPU
		{B9B7A339-3995-4552-8B3A-446FE27F2692}.Debug|Any CPU.ActiveCfg = Debug|Any CPU
		{B9B7A339-3995-4552-8B3A-446FE27F2692}.Debug|Any CPU.Build.0 = Debug|Any CPU
		{B9B7A339-3995-4552-8B3A-446FE27F2692}.Release|Any CPU.ActiveCfg = Release|Any CPU
		{B9B7A339-3995-4552-8B3A-446FE27F2692}.Release|Any CPU.Build.0 = Release|Any CPU
		{D796C4F4-BF34-4438-B67C-62BA5AC6FA11}.Debug|Any CPU.ActiveCfg = Debug|Any CPU
		{D796C4F4-BF34-4438-B67C-62BA5AC6FA11}.Debug|Any CPU.Build.0 = Debug|Any CPU
		{D796C4F4-BF34-4438-B67C-62BA5AC6FA11}.Release|Any CPU.ActiveCfg = Release|Any CPU
		{D796C4F4-BF34-4438-B67C-62BA5AC6FA11}.Release|Any CPU.Build.0 = Release|Any CPU
	EndGlobalSection
	GlobalSection(SolutionProperties) = preSolution
		HideSolutionNode = FALSE
	EndGlobalSection
	GlobalSection(ExtensibilityGlobals) = postSolution
		SolutionGuid = {11FE45A9-03C4-46B4-B04C-FECA7829219C}
	EndGlobalSection
EndGlobal
